// !$*UTF8*$!
{
	archiveVersion = 1;
	classes = {
	};
	objectVersion = 50;
	objects = {

/* Begin PBXBuildFile section */
		DCFE79F82231EACE003DAFD7 /* AppDelegate.swift in Sources */ = {isa = PBXBuildFile; fileRef = DCFE79F72231EACE003DAFD7 /* AppDelegate.swift */; };
		DCFE79FA2231EACE003DAFD7 /* ViewController.swift in Sources */ = {isa = PBXBuildFile; fileRef = DCFE79F92231EACE003DAFD7 /* ViewController.swift */; };
		DCFE79FD2231EACE003DAFD7 /* Main.storyboard in Resources */ = {isa = PBXBuildFile; fileRef = DCFE79FB2231EACE003DAFD7 /* Main.storyboard */; };
		DCFE79FF2231EAD0003DAFD7 /* Assets.xcassets in Resources */ = {isa = PBXBuildFile; fileRef = DCFE79FE2231EAD0003DAFD7 /* Assets.xcassets */; };
		DCFE7A022231EAD0003DAFD7 /* LaunchScreen.storyboard in Resources */ = {isa = PBXBuildFile; fileRef = DCFE7A002231EAD0003DAFD7 /* LaunchScreen.storyboard */; };
		DCFE7A0A2231EBF8003DAFD7 /* TableViewCell.swift in Sources */ = {isa = PBXBuildFile; fileRef = DCFE7A092231EBF8003DAFD7 /* TableViewCell.swift */; };
		DCFE7A0C2231EFB5003DAFD7 /* CustomCollectionCell.swift in Sources */ = {isa = PBXBuildFile; fileRef = DCFE7A0B2231EFB5003DAFD7 /* CustomCollectionCell.swift */; };
		DCFE7A0E2231F0B4003DAFD7 /* ChildViewController.swift in Sources */ = {isa = PBXBuildFile; fileRef = DCFE7A0D2231F0B4003DAFD7 /* ChildViewController.swift */; };
/* End PBXBuildFile section */

/* Begin PBXFileReference section */
		DCFE79F42231EACE003DAFD7 /* TableViewCellWithViewController.app */ = {isa = PBXFileReference; explicitFileType = wrapper.application; includeInIndex = 0; path = TableViewCellWithViewController.app; sourceTree = BUILT_PRODUCTS_DIR; };
		DCFE79F72231EACE003DAFD7 /* AppDelegate.swift */ = {isa = PBXFileReference; lastKnownFileType = sourcecode.swift; path = AppDelegate.swift; sourceTree = "<group>"; };
		DCFE79F92231EACE003DAFD7 /* ViewController.swift */ = {isa = PBXFileReference; lastKnownFileType = sourcecode.swift; path = ViewController.swift; sourceTree = "<group>"; };
		DCFE79FC2231EACE003DAFD7 /* Base */ = {isa = PBXFileReference; lastKnownFileType = file.storyboard; name = Base; path = Base.lproj/Main.storyboard; sourceTree = "<group>"; };
		DCFE79FE2231EAD0003DAFD7 /* Assets.xcassets */ = {isa = PBXFileReference; lastKnownFileType = folder.assetcatalog; path = Assets.xcassets; sourceTree = "<group>"; };
		DCFE7A012231EAD0003DAFD7 /* Base */ = {isa = PBXFileReference; lastKnownFileType = file.storyboard; name = Base; path = Base.lproj/LaunchScreen.storyboard; sourceTree = "<group>"; };
		DCFE7A032231EAD0003DAFD7 /* Info.plist */ = {isa = PBXFileReference; lastKnownFileType = text.plist.xml; path = Info.plist; sourceTree = "<group>"; };
		DCFE7A092231EBF8003DAFD7 /* TableViewCell.swift */ = {isa = PBXFileReference; lastKnownFileType = sourcecode.swift; path = TableViewCell.swift; sourceTree = "<group>"; };
		DCFE7A0B2231EFB5003DAFD7 /* CustomCollectionCell.swift */ = {isa = PBXFileReference; lastKnownFileType = sourcecode.swift; path = CustomCollectionCell.swift; sourceTree = "<group>"; };
		DCFE7A0D2231F0B4003DAFD7 /* ChildViewController.swift */ = {isa = PBXFileReference; lastKnownFileType = sourcecode.swift; path = ChildViewController.swift; sourceTree = "<group>"; };
/* End PBXFileReference section */

/* Begin PBXFrameworksBuildPhase section */
		DCFE79F12231EACE003DAFD7 /* Frameworks */ = {
			isa = PBXFrameworksBuildPhase;
			buildActionMask = 2147483647;
			files = (
			);
			runOnlyForDeploymentPostprocessing = 0;
		};
/* End PBXFrameworksBuildPhase section */

/* Begin PBXGroup section */
		DCFE79EB2231EACE003DAFD7 = {
			isa = PBXGroup;
			children = (
				DCFE79F62231EACE003DAFD7 /* TableViewCellWithViewController */,
				DCFE79F52231EACE003DAFD7 /* Products */,
			);
			sourceTree = "<group>";
		};
		DCFE79F52231EACE003DAFD7 /* Products */ = {
			isa = PBXGroup;
			children = (
				DCFE79F42231EACE003DAFD7 /* TableViewCellWithViewController.app */,
			);
			name = Products;
			sourceTree = "<group>";
		};
		DCFE79F62231EACE003DAFD7 /* TableViewCellWithViewController */ = {
			isa = PBXGroup;
			children = (
				DCFE79F72231EACE003DAFD7 /* AppDelegate.swift */,
				DCFE79F92231EACE003DAFD7 /* ViewController.swift */,
				DCFE7A0D2231F0B4003DAFD7 /* ChildViewController.swift */,
				DCFE7A092231EBF8003DAFD7 /* TableViewCell.swift */,
				DCFE7A0B2231EFB5003DAFD7 /* CustomCollectionCell.swift */,
				DCFE79FB2231EACE003DAFD7 /* Main.storyboard */,
				DCFE79FE2231EAD0003DAFD7 /* Assets.xcassets */,
				DCFE7A002231EAD0003DAFD7 /* LaunchScreen.storyboard */,
				DCFE7A032231EAD0003DAFD7 /* Info.plist */,
			);
			path = TableViewCellWithViewController;
			sourceTree = "<group>";
		};
/* End PBXGroup section */

/* Begin PBXNativeTarget section */
		DCFE79F32231EACE003DAFD7 /* TableViewCellWithViewController */ = {
			isa = PBXNativeTarget;
			buildConfigurationList = DCFE7A062231EAD0003DAFD7 /* Build configuration list for PBXNativeTarget "TableViewCellWithViewController" */;
			buildPhases = (
				DCFE79F02231EACE003DAFD7 /* Sources */,
				DCFE79F12231EACE003DAFD7 /* Frameworks */,
				DCFE79F22231EACE003DAFD7 /* Resources */,
			);
			buildRules = (
			);
			dependencies = (
			);
			name = TableViewCellWithViewController;
			productName = TableViewCellWithViewController;
			productReference = DCFE79F42231EACE003DAFD7 /* TableViewCellWithViewController.app */;
			productType = "com.apple.product-type.application";
		};
/* End PBXNativeTarget section */

/* Begin PBXProject section */
		DCFE79EC2231EACE003DAFD7 /* Project object */ = {
			isa = PBXProject;
			attributes = {
				LastSwiftUpdateCheck = 1010;
				LastUpgradeCheck = 1010;
				ORGANIZATIONNAME = "Gopakumar MP";
				TargetAttributes = {
					DCFE79F32231EACE003DAFD7 = {
						CreatedOnToolsVersion = 10.1;
					};
				};
			};
			buildConfigurationList = DCFE79EF2231EACE003DAFD7 /* Build configuration list for PBXProject "TableViewCellWithViewController" */;
			compatibilityVersion = "Xcode 9.3";
			developmentRegion = en;
			hasScannedForEncodings = 0;
			knownRegions = (
				en,
				Base,
			);
			mainGroup = DCFE79EB2231EACE003DAFD7;
			productRefGroup = DCFE79F52231EACE003DAFD7 /* Products */;
			projectDirPath = "";
			projectRoot = "";
			targets = (
				DCFE79F32231EACE003DAFD7 /* TableViewCellWithViewController */,
			);
		};
/* End PBXProject section */

/* Begin PBXResourcesBuildPhase section */
		DCFE79F22231EACE003DAFD7 /* Resources */ = {
			isa = PBXResourcesBuildPhase;
			buildActionMask = 2147483647;
			files = (
				DCFE7A022231EAD0003DAFD7 /* LaunchScreen.storyboard in Resources */,
				DCFE79FF2231EAD0003DAFD7 /* Assets.xcassets in Resources */,
				DCFE79FD2231EACE003DAFD7 /* Main.storyboard in Resources */,
			);
			runOnlyForDeploymentPostprocessing = 0;
		};
/* End PBXResourcesBuildPhase section */

/* Begin PBXSourcesBuildPhase section */
		DCFE79F02231EACE003DAFD7 /* Sources */ = {
			isa = PBXSourcesBuildPhase;
			buildActionMask = 2147483647;
			files = (
				DCFE7A0C2231EFB5003DAFD7 /* CustomCollectionCell.swift in Sources */,
				DCFE7A0E2231F0B4003DAFD7 /* ChildViewController.swift in Sources */,
				DCFE7A0A2231EBF8003DAFD7 /* TableViewCell.swift in Sources */,
				DCFE79FA2231EACE003DAFD7 /* ViewController.swift in Sources */,
				DCFE79F82231EACE003DAFD7 /* AppDelegate.swift in Sources */,
			);
			runOnlyForDeploymentPostprocessing = 0;
		};
/* End PBXSourcesBuildPhase section */

/* Begin PBXVariantGroup section */
		DCFE79FB2231EACE003DAFD7 /* Main.storyboard */ = {
			isa = PBXVariantGroup;
			children = (
				DCFE79FC2231EACE003DAFD7 /* Base */,
			);
			name = Main.storyboard;
			sourceTree = "<group>";
		};
		DCFE7A002231EAD0003DAFD7 /* LaunchScreen.storyboard */ = {
			isa = PBXVariantGroup;
			children = (
				DCFE7A012231EAD0003DAFD7 /* Base */,
			);
			name = LaunchScreen.storyboard;
			sourceTree = "<group>";
		};
/* End PBXVariantGroup section */

/* Begin XCBuildConfiguration section */
		DCFE7A042231EAD0003DAFD7 /* Debug */ = {
			isa = XCBuildConfiguration;
			buildSettings = {
				ALWAYS_SEARCH_USER_PATHS = NO;
				CLANG_ANALYZER_NONNULL = YES;
				CLANG_ANALYZER_NUMBER_OBJECT_CONVERSION = YES_AGGRESSIVE;
				CLANG_CXX_LANGUAGE_STANDARD = "gnu++14";
				CLANG_CXX_LIBRARY = "libc++";
				CLANG_ENABLE_MODULES = YES;
				CLANG_ENABLE_OBJC_ARC = YES;
				CLANG_ENABLE_OBJC_WEAK = YES;
				CLANG_WARN_BLOCK_CAPTURE_AUTORELEASING = YES;
				CLANG_WARN_BOOL_CONVERSION = YES;
				CLANG_WARN_COMMA = YES;
				CLANG_WARN_CONSTANT_CONVERSION = YES;
				CLANG_WARN_DEPRECATED_OBJC_IMPLEMENTATIONS = YES;
				CLANG_WARN_DIRECT_OBJC_ISA_USAGE = YES_ERROR;
				CLANG_WARN_DOCUMENTATION_COMMENTS = YES;
				CLANG_WARN_EMPTY_BODY = YES;
				CLANG_WARN_ENUM_CONVERSION = YES;
				CLANG_WARN_INFINITE_RECURSION = YES;
				CLANG_WARN_INT_CONVERSION = YES;
				CLANG_WARN_NON_LITERAL_NULL_CONVERSION = YES;
				CLANG_WARN_OBJC_IMPLICIT_RETAIN_SELF = YES;
				CLANG_WARN_OBJC_LITERAL_CONVERSION = YES;
				CLANG_WARN_OBJC_ROOT_CLASS = YES_ERROR;
				CLANG_WARN_RANGE_LOOP_ANALYSIS = YES;
				CLANG_WARN_STRICT_PROTOTYPES = YES;
				CLANG_WARN_SUSPICIOUS_MOVE = YES;
				CLANG_WARN_UNGUARDED_AVAILABILITY = YES_AGGRESSIVE;
				CLANG_WARN_UNREACHABLE_CODE = YES;
				CLANG_WARN__DUPLICATE_METHOD_MATCH = YES;
				CODE_SIGN_IDENTITY = "iPhone Developer";
				COPY_PHASE_STRIP = NO;
				DEBUG_INFORMATION_FORMAT = dwarf;
				ENABLE_STRICT_OBJC_MSGSEND = YES;
				ENABLE_TESTABILITY = YES;
				GCC_C_LANGUAGE_STANDARD = gnu11;
				GCC_DYNAMIC_NO_PIC = NO;
				GCC_NO_COMMON_BLOCKS = YES;
				GCC_OPTIMIZATION_LEVEL = 0;
				GCC_PREPROCESSOR_DEFINITIONS = (
					"DEBUG=1",
					"$(inherited)",
				);
				GCC_WARN_64_TO_32_BIT_CONVERSION = YES;
				GCC_WARN_ABOUT_RETURN_TYPE = YES_ERROR;
				GCC_WARN_UNDECLARED_SELECTOR = YES;
				GCC_WARN_UNINITIALIZED_AUTOS = YES_AGGRESSIVE;
				GCC_WARN_UNUSED_FUNCTION = YES;
				GCC_WARN_UNUSED_VARIABLE = YES;
				IPHONEOS_DEPLOYMENT_TARGET = 12.1;
				MTL_ENABLE_DEBUG_INFO = INCLUDE_SOURCE;
				MTL_FAST_MATH = YES;
				ONLY_ACTIVE_ARCH = YES;
				SDKROOT = iphoneos;
				SWIFT_ACTIVE_COMPILATION_CONDITIONS = DEBUG;
				SWIFT_OPTIMIZATION_LEVEL = "-Onone";
			};
			name = Debug;
		};
		DCFE7A052231EAD0003DAFD7 /* Release */ = {
			isa = XCBuildConfiguration;
			buildSettings = {
				ALWAYS_SEARCH_USER_PATHS = NO;
				CLANG_ANALYZER_NONNULL = YES;
				CLANG_ANALYZER_NUMBER_OBJECT_CONVERSION = YES_AGGRESSIVE;
				CLANG_CXX_LANGUAGE_STANDARD = "gnu++14";
				CLANG_CXX_LIBRARY = "libc++";
				CLANG_ENABLE_MODULES = YES;
				CLANG_ENABLE_OBJC_ARC = YES;
				CLANG_ENABLE_OBJC_WEAK = YES;
				CLANG_WARN_BLOCK_CAPTURE_AUTORELEASING = YES;
				CLANG_WARN_BOOL_CONVERSION = YES;
				CLANG_WARN_COMMA = YES;
				CLANG_WARN_CONSTANT_CONVERSION = YES;
				CLANG_WARN_DEPRECATED_OBJC_IMPLEMENTATIONS = YES;
				CLANG_WARN_DIRECT_OBJC_ISA_USAGE = YES_ERROR;
				CLANG_WARN_DOCUMENTATION_COMMENTS = YES;
				CLANG_WARN_EMPTY_BODY = YES;
				CLANG_WARN_ENUM_CONVERSION = YES;
				CLANG_WARN_INFINITE_RECURSION = YES;
				CLANG_WARN_INT_CONVERSION = YES;
				CLANG_WARN_NON_LITERAL_NULL_CONVERSION = YES;
				CLANG_WARN_OBJC_IMPLICIT_RETAIN_SELF = YES;
				CLANG_WARN_OBJC_LITERAL_CONVERSION = YES;
				CLANG_WARN_OBJC_ROOT_CLASS = YES_ERROR;
				CLANG_WARN_RANGE_LOOP_ANALYSIS = YES;
				CLANG_WARN_STRICT_PROTOTYPES = YES;
				CLANG_WARN_SUSPICIOUS_MOVE = YES;
				CLANG_WARN_UNGUARDED_AVAILABILITY = YES_AGGRESSIVE;
				CLANG_WARN_UNREACHABLE_CODE = YES;
				CLANG_WARN__DUPLICATE_METHOD_MATCH = YES;
				CODE_SIGN_IDENTITY = "iPhone Developer";
				COPY_PHASE_STRIP = NO;
				DEBUG_INFORMATION_FORMAT = "dwarf-with-dsym";
				ENABLE_NS_ASSERTIONS = NO;
				ENABLE_STRICT_OBJC_MSGSEND = YES;
				GCC_C_LANGUAGE_STANDARD = gnu11;
				GCC_NO_COMMON_BLOCKS = YES;
				GCC_WARN_64_TO_32_BIT_CONVERSION = YES;
				GCC_WARN_ABOUT_RETURN_TYPE = YES_ERROR;
				GCC_WARN_UNDECLARED_SELECTOR = YES;
				GCC_WARN_UNINITIALIZED_AUTOS = YES_AGGRESSIVE;
				GCC_WARN_UNUSED_FUNCTION = YES;
				GCC_WARN_UNUSED_VARIABLE = YES;
				IPHONEOS_DEPLOYMENT_TARGET = 12.1;
				MTL_ENABLE_DEBUG_INFO = NO;
				MTL_FAST_MATH = YES;
				SDKROOT = iphoneos;
				SWIFT_COMPILATION_MODE = wholemodule;
				SWIFT_OPTIMIZATION_LEVEL = "-O";
				VALIDATE_PRODUCT = YES;
			};
			name = Release;
		};
		DCFE7A072231EAD0003DAFD7 /* Debug */ = {
			isa = XCBuildConfiguration;
			buildSettings = {
				ASSETCATALOG_COMPILER_APPICON_NAME = AppIcon;
				CODE_SIGN_STYLE = Automatic;
				INFOPLIST_FILE = TableViewCellWithViewController/Info.plist;
				LD_RUNPATH_SEARCH_PATHS = (
					"$(inherited)",
					"@executable_path/Frameworks",
				);
				PRODUCT_BUNDLE_IDENTIFIER = Test.TableViewCellWithViewController;
				PRODUCT_NAME = "$(TARGET_NAME)";
				SWIFT_VERSION = 4.2;
				TARGETED_DEVICE_FAMILY = "1,2";
			};
			name = Debug;
		};
		DCFE7A082231EAD0003DAFD7 /* Release */ = {
			isa = XCBuildConfiguration;
			buildSettings = {
				ASSETCATALOG_COMPILER_APPICON_NAME = AppIcon;
				CODE_SIGN_STYLE = Automatic;
				INFOPLIST_FILE = TableViewCellWithViewController/Info.plist;
				LD_RUNPATH_SEARCH_PATHS = (
					"$(inherited)",
					"@executable_path/Frameworks",
				);
				PRODUCT_BUNDLE_IDENTIFIER = Test.TableViewCellWithViewController;
				PRODUCT_NAME = "$(TARGET_NAME)";
				SWIFT_VERSION = 4.2;
				TARGETED_DEVICE_FAMILY = "1,2";
			};
			name = Release;
		};
/* End XCBuildConfiguration section */

/* Begin XCConfigurationList section */
		DCFE79EF2231EACE003DAFD7 /* Build configuration list for PBXProject "TableViewCellWithViewController" */ = {
			isa = XCConfigurationList;
			buildConfigurations = (
				DCFE7A042231EAD0003DAFD7 /* Debug */,
				DCFE7A052231EAD0003DAFD7 /* Release */,
			);
			defaultConfigurationIsVisible = 0;
			defaultConfigurationName = Release;
		};
		DCFE7A062231EAD0003DAFD7 /* Build configuration list for PBXNativeTarget "TableViewCellWithViewController" */ = {
			isa = XCConfigurationList;
			buildConfigurations = (
				DCFE7A072231EAD0003DAFD7 /* Debug */,
				DCFE7A082231EAD0003DAFD7 /* Release */,
			);
			defaultConfigurationIsVisible = 0;
			defaultConfigurationName = Release;
		};
/* End XCConfigurationList section */
	};
	rootObject = DCFE79EC2231EACE003DAFD7 /* Project object */;
}
